// !$*UTF8*$!
{
	archiveVersion = 1;
	classes = {
	};
	objectVersion = 50;
	objects = {

/* Begin PBXBuildFile section */
		B2B7B1D220D8C9E1003A9113 /* AppDelegate.swift in Sources */ = {isa = PBXBuildFile; fileRef = B2B7B1D120D8C9E1003A9113 /* AppDelegate.swift */; };
		B2B7B1D420D8C9E2003A9113 /* ViewController.swift in Sources */ = {isa = PBXBuildFile; fileRef = B2B7B1D320D8C9E2003A9113 /* ViewController.swift */; };
		B2B7B1D720D8C9E2003A9113 /* Main.storyboard in Resources */ = {isa = PBXBuildFile; fileRef = B2B7B1D520D8C9E2003A9113 /* Main.storyboard */; };
		B2B7B1D920D8C9E3003A9113 /* Assets.xcassets in Resources */ = {isa = PBXBuildFile; fileRef = B2B7B1D820D8C9E3003A9113 /* Assets.xcassets */; };
		B2B7B1DC20D8C9E3003A9113 /* LaunchScreen.storyboard in Resources */ = {isa = PBXBuildFile; fileRef = B2B7B1DA20D8C9E3003A9113 /* LaunchScreen.storyboard */; };
		B2B7B1E520D8D3EC003A9113 /* sound1.m4a in Resources */ = {isa = PBXBuildFile; fileRef = B2B7B1E420D8D3EC003A9113 /* sound1.m4a */; };
/* End PBXBuildFile section */

/* Begin PBXFileReference section */
		B2B7B1CE20D8C9E1003A9113 /* sampleLocalNotification.app */ = {isa = PBXFileReference; explicitFileType = wrapper.application; includeInIndex = 0; path = sampleLocalNotification.app; sourceTree = BUILT_PRODUCTS_DIR; };
		B2B7B1D120D8C9E1003A9113 /* AppDelegate.swift */ = {isa = PBXFileReference; lastKnownFileType = sourcecode.swift; path = AppDelegate.swift; sourceTree = "<group>"; };
		B2B7B1D320D8C9E2003A9113 /* ViewController.swift */ = {isa = PBXFileReference; lastKnownFileType = sourcecode.swift; path = ViewController.swift; sourceTree = "<group>"; };
		B2B7B1D620D8C9E2003A9113 /* Base */ = {isa = PBXFileReference; lastKnownFileType = file.storyboard; name = Base; path = Base.lproj/Main.storyboard; sourceTree = "<group>"; };
		B2B7B1D820D8C9E3003A9113 /* Assets.xcassets */ = {isa = PBXFileReference; lastKnownFileType = folder.assetcatalog; path = Assets.xcassets; sourceTree = "<group>"; };
		B2B7B1DB20D8C9E3003A9113 /* Base */ = {isa = PBXFileReference; lastKnownFileType = file.storyboard; name = Base; path = Base.lproj/LaunchScreen.storyboard; sourceTree = "<group>"; };
		B2B7B1DD20D8C9E3003A9113 /* Info.plist */ = {isa = PBXFileReference; lastKnownFileType = text.plist.xml; path = Info.plist; sourceTree = "<group>"; };
		B2B7B1E320D8CC8D003A9113 /* sound.m4a */ = {isa = PBXFileReference; lastKnownFileType = file; path = sound.m4a; sourceTree = "<group>"; };
		B2B7B1E420D8D3EC003A9113 /* sound1.m4a */ = {isa = PBXFileReference; lastKnownFileType = file; path = sound1.m4a; sourceTree = "<group>"; };
/* End PBXFileReference section */

/* Begin PBXFrameworksBuildPhase section */
		B2B7B1CB20D8C9E1003A9113 /* Frameworks */ = {
			isa = PBXFrameworksBuildPhase;
			buildActionMask = 2147483647;
			files = (
			);
			runOnlyForDeploymentPostprocessing = 0;
		};
/* End PBXFrameworksBuildPhase section */

/* Begin PBXGroup section */
		B2B7B1C520D8C9E1003A9113 = {
			isa = PBXGroup;
			children = (
				B2B7B1D020D8C9E1003A9113 /* sampleLocalNotification */,
				B2B7B1CF20D8C9E1003A9113 /* Products */,
			);
			sourceTree = "<group>";
		};
		B2B7B1CF20D8C9E1003A9113 /* Products */ = {
			isa = PBXGroup;
			children = (
				B2B7B1CE20D8C9E1003A9113 /* sampleLocalNotification.app */,
			);
			name = Products;
			sourceTree = "<group>";
		};
		B2B7B1D020D8C9E1003A9113 /* sampleLocalNotification */ = {
			isa = PBXGroup;
			children = (
				B2B7B1D120D8C9E1003A9113 /* AppDelegate.swift */,
				B2B7B1D320D8C9E2003A9113 /* ViewController.swift */,
				B2B7B1E320D8CC8D003A9113 /* sound.m4a */,
				B2B7B1E420D8D3EC003A9113 /* sound1.m4a */,
				B2B7B1D520D8C9E2003A9113 /* Main.storyboard */,
				B2B7B1D820D8C9E3003A9113 /* Assets.xcassets */,
				B2B7B1DA20D8C9E3003A9113 /* LaunchScreen.storyboard */,
				B2B7B1DD20D8C9E3003A9113 /* Info.plist */,
			);
			path = sampleLocalNotification;
			sourceTree = "<group>";
		};
/* End PBXGroup section */

/* Begin PBXNativeTarget section */
		B2B7B1CD20D8C9E1003A9113 /* sampleLocalNotification */ = {
			isa = PBXNativeTarget;
			buildConfigurationList = B2B7B1E020D8C9E3003A9113 /* Build configuration list for PBXNativeTarget "sampleLocalNotification" */;
			buildPhases = (
				B2B7B1CA20D8C9E1003A9113 /* Sources */,
				B2B7B1CB20D8C9E1003A9113 /* Frameworks */,
				B2B7B1CC20D8C9E1003A9113 /* Resources */,
			);
			buildRules = (
			);
			dependencies = (
			);
			name = sampleLocalNotification;
			productName = sampleLocalNotification;
			productReference = B2B7B1CE20D8C9E1003A9113 /* sampleLocalNotification.app */;
			productType = "com.apple.product-type.application";
		};
/* End PBXNativeTarget section */

/* Begin PBXProject section */
		B2B7B1C620D8C9E1003A9113 /* Project object */ = {
			isa = PBXProject;
			attributes = {
				LastSwiftUpdateCheck = 0940;
				LastUpgradeCheck = 0940;
				ORGANIZATIONNAME = yuka;
				TargetAttributes = {
					B2B7B1CD20D8C9E1003A9113 = {
						CreatedOnToolsVersion = 9.4;
					};
				};
			};
			buildConfigurationList = B2B7B1C920D8C9E1003A9113 /* Build configuration list for PBXProject "sampleLocalNotification" */;
			compatibilityVersion = "Xcode 9.3";
			developmentRegion = en;
			hasScannedForEncodings = 0;
			knownRegions = (
				en,
				Base,
			);
			mainGroup = B2B7B1C520D8C9E1003A9113;
			productRefGroup = B2B7B1CF20D8C9E1003A9113 /* Products */;
			projectDirPath = "";
			projectRoot = "";
			targets = (
				B2B7B1CD20D8C9E1003A9113 /* sampleLocalNotification */,
			);
		};
/* End PBXProject section */

/* Begin PBXResourcesBuildPhase section */
		B2B7B1CC20D8C9E1003A9113 /* Resources */ = {
			isa = PBXResourcesBuildPhase;
			buildActionMask = 2147483647;
			files = (
				B2B7B1E520D8D3EC003A9113 /* sound1.m4a in Resources */,
				B2B7B1DC20D8C9E3003A9113 /* LaunchScreen.storyboard in Resources */,
				B2B7B1D920D8C9E3003A9113 /* Assets.xcassets in Resources */,
				B2B7B1D720D8C9E2003A9113 /* Main.storyboard in Resources */,
			);
			runOnlyForDeploymentPostprocessing = 0;
		};
/* End PBXResourcesBuildPhase section */

/* Begin PBXSourcesBuildPhase section */
		B2B7B1CA20D8C9E1003A9113 /* Sources */ = {
			isa = PBXSourcesBuildPhase;
			buildActionMask = 2147483647;
			files = (
				B2B7B1D420D8C9E2003A9113 /* ViewController.swift in Sources */,
				B2B7B1D220D8C9E1003A9113 /* AppDelegate.swift in Sources */,
			);
			runOnlyForDeploymentPostprocessing = 0;
		};
/* End PBXSourcesBuildPhase section */

/* Begin PBXVariantGroup section */
		B2B7B1D520D8C9E2003A9113 /* Main.storyboard */ = {
			isa = PBXVariantGroup;
			children = (
				B2B7B1D620D8C9E2003A9113 /* Base */,
			);
			name = Main.storyboard;
			sourceTree = "<group>";
		};
		B2B7B1DA20D8C9E3003A9113 /* LaunchScreen.storyboard */ = {
			isa = PBXVariantGroup;
			children = (
				B2B7B1DB20D8C9E3003A9113 /* Base */,
			);
			name = LaunchScreen.storyboard;
			sourceTree = "<group>";
		};
/* End PBXVariantGroup section */

/* Begin XCBuildConfiguration section */
		B2B7B1DE20D8C9E3003A9113 /* Debug */ = {
			isa = XCBuildConfiguration;
			buildSettings = {
				ALWAYS_SEARCH_USER_PATHS = NO;
				CLANG_ANALYZER_NONNULL = YES;
				CLANG_ANALYZER_NUMBER_OBJECT_CONVERSION = YES_AGGRESSIVE;
				CLANG_CXX_LANGUAGE_STANDARD = "gnu++14";
				CLANG_CXX_LIBRARY = "libc++";
				CLANG_ENABLE_MODULES = YES;
				CLANG_ENABLE_OBJC_ARC = YES;
				CLANG_ENABLE_OBJC_WEAK = YES;
				CLANG_WARN_BLOCK_CAPTURE_AUTORELEASING = YES;
				CLANG_WARN_BOOL_CONVERSION = YES;
				CLANG_WARN_COMMA = YES;
				CLANG_WARN_CONSTANT_CONVERSION = YES;
				CLANG_WARN_DEPRECATED_OBJC_IMPLEMENTATIONS = YES;
				CLANG_WARN_DIRECT_OBJC_ISA_USAGE = YES_ERROR;
				CLANG_WARN_DOCUMENTATION_COMMENTS = YES;
				CLANG_WARN_EMPTY_BODY = YES;
				CLANG_WARN_ENUM_CONVERSION = YES;
				CLANG_WARN_INFINITE_RECURSION = YES;
				CLANG_WARN_INT_CONVERSION = YES;
				CLANG_WARN_NON_LITERAL_NULL_CONVERSION = YES;
				CLANG_WARN_OBJC_IMPLICIT_RETAIN_SELF = YES;
				CLANG_WARN_OBJC_LITERAL_CONVERSION = YES;
				CLANG_WARN_OBJC_ROOT_CLASS = YES_ERROR;
				CLANG_WARN_RANGE_LOOP_ANALYSIS = YES;
				CLANG_WARN_STRICT_PROTOTYPES = YES;
				CLANG_WARN_SUSPICIOUS_MOVE = YES;
				CLANG_WARN_UNGUARDED_AVAILABILITY = YES_AGGRESSIVE;
				CLANG_WARN_UNREACHABLE_CODE = YES;
				CLANG_WARN__DUPLICATE_METHOD_MATCH = YES;
				CODE_SIGN_IDENTITY = "iPhone Developer";
				COPY_PHASE_STRIP = NO;
				DEBUG_INFORMATION_FORMAT = dwarf;
				ENABLE_STRICT_OBJC_MSGSEND = YES;
				ENABLE_TESTABILITY = YES;
				GCC_C_LANGUAGE_STANDARD = gnu11;
				GCC_DYNAMIC_NO_PIC = NO;
				GCC_NO_COMMON_BLOCKS = YES;
				GCC_OPTIMIZATION_LEVEL = 0;
				GCC_PREPROCESSOR_DEFINITIONS = (
					"DEBUG=1",
					"$(inherited)",
				);
				GCC_WARN_64_TO_32_BIT_CONVERSION = YES;
				GCC_WARN_ABOUT_RETURN_TYPE = YES_ERROR;
				GCC_WARN_UNDECLARED_SELECTOR = YES;
				GCC_WARN_UNINITIALIZED_AUTOS = YES_AGGRESSIVE;
				GCC_WARN_UNUSED_FUNCTION = YES;
				GCC_WARN_UNUSED_VARIABLE = YES;
				IPHONEOS_DEPLOYMENT_TARGET = 11.4;
				MTL_ENABLE_DEBUG_INFO = YES;
				ONLY_ACTIVE_ARCH = YES;
				SDKROOT = iphoneos;
				SWIFT_ACTIVE_COMPILATION_CONDITIONS = DEBUG;
				SWIFT_OPTIMIZATION_LEVEL = "-Onone";
			};
			name = Debug;
		};
		B2B7B1DF20D8C9E3003A9113 /* Release */ = {
			isa = XCBuildConfiguration;
			buildSettings = {
				ALWAYS_SEARCH_USER_PATHS = NO;
				CLANG_ANALYZER_NONNULL = YES;
				CLANG_ANALYZER_NUMBER_OBJECT_CONVERSION = YES_AGGRESSIVE;
				CLANG_CXX_LANGUAGE_STANDARD = "gnu++14";
				CLANG_CXX_LIBRARY = "libc++";
				CLANG_ENABLE_MODULES = YES;
				CLANG_ENABLE_OBJC_ARC = YES;
				CLANG_ENABLE_OBJC_WEAK = YES;
				CLANG_WARN_BLOCK_CAPTURE_AUTORELEASING = YES;
				CLANG_WARN_BOOL_CONVERSION = YES;
				CLANG_WARN_COMMA = YES;
				CLANG_WARN_CONSTANT_CONVERSION = YES;
				CLANG_WARN_DEPRECATED_OBJC_IMPLEMENTATIONS = YES;
				CLANG_WARN_DIRECT_OBJC_ISA_USAGE = YES_ERROR;
				CLANG_WARN_DOCUMENTATION_COMMENTS = YES;
				CLANG_WARN_EMPTY_BODY = YES;
				CLANG_WARN_ENUM_CONVERSION = YES;
				CLANG_WARN_INFINITE_RECURSION = YES;
				CLANG_WARN_INT_CONVERSION = YES;
				CLANG_WARN_NON_LITERAL_NULL_CONVERSION = YES;
				CLANG_WARN_OBJC_IMPLICIT_RETAIN_SELF = YES;
				CLANG_WARN_OBJC_LITERAL_CONVERSION = YES;
				CLANG_WARN_OBJC_ROOT_CLASS = YES_ERROR;
				CLANG_WARN_RANGE_LOOP_ANALYSIS = YES;
				CLANG_WARN_STRICT_PROTOTYPES = YES;
				CLANG_WARN_SUSPICIOUS_MOVE = YES;
				CLANG_WARN_UNGUARDED_AVAILABILITY = YES_AGGRESSIVE;
				CLANG_WARN_UNREACHABLE_CODE = YES;
				CLANG_WARN__DUPLICATE_METHOD_MATCH = YES;
				CODE_SIGN_IDENTITY = "iPhone Developer";
				COPY_PHASE_STRIP = NO;
				DEBUG_INFORMATION_FORMAT = "dwarf-with-dsym";
				ENABLE_NS_ASSERTIONS = NO;
				ENABLE_STRICT_OBJC_MSGSEND = YES;
				GCC_C_LANGUAGE_STANDARD = gnu11;
				GCC_NO_COMMON_BLOCKS = YES;
				GCC_WARN_64_TO_32_BIT_CONVERSION = YES;
				GCC_WARN_ABOUT_RETURN_TYPE = YES_ERROR;
				GCC_WARN_UNDECLARED_SELECTOR = YES;
				GCC_WARN_UNINITIALIZED_AUTOS = YES_AGGRESSIVE;
				GCC_WARN_UNUSED_FUNCTION = YES;
				GCC_WARN_UNUSED_VARIABLE = YES;
				IPHONEOS_DEPLOYMENT_TARGET = 11.4;
				MTL_ENABLE_DEBUG_INFO = NO;
				SDKROOT = iphoneos;
				SWIFT_COMPILATION_MODE = wholemodule;
				SWIFT_OPTIMIZATION_LEVEL = "-O";
				VALIDATE_PRODUCT = YES;
			};
			name = Release;
		};
		B2B7B1E120D8C9E3003A9113 /* Debug */ = {
			isa = XCBuildConfiguration;
			buildSettings = {
				ASSETCATALOG_COMPILER_APPICON_NAME = AppIcon;
				CODE_SIGN_STYLE = Automatic;
				INFOPLIST_FILE = sampleLocalNotification/Info.plist;
				LD_RUNPATH_SEARCH_PATHS = (
					"$(inherited)",
					"@executable_path/Frameworks",
				);
				PRODUCT_BUNDLE_IDENTIFIER = com.oyuka.sampleLocalNotification;
				PRODUCT_NAME = "$(TARGET_NAME)";
				SWIFT_VERSION = 4.0;
				TARGETED_DEVICE_FAMILY = "1,2";
			};
			name = Debug;
		};
		B2B7B1E220D8C9E3003A9113 /* Release */ = {
			isa = XCBuildConfiguration;
			buildSettings = {
				ASSETCATALOG_COMPILER_APPICON_NAME = AppIcon;
				CODE_SIGN_STYLE = Automatic;
				INFOPLIST_FILE = sampleLocalNotification/Info.plist;
				LD_RUNPATH_SEARCH_PATHS = (
					"$(inherited)",
					"@executable_path/Frameworks",
				);
				PRODUCT_BUNDLE_IDENTIFIER = com.oyuka.sampleLocalNotification;
				PRODUCT_NAME = "$(TARGET_NAME)";
				SWIFT_VERSION = 4.0;
				TARGETED_DEVICE_FAMILY = "1,2";
			};
			name = Release;
		};
/* End XCBuildConfiguration section */

/* Begin XCConfigurationList section */
		B2B7B1C920D8C9E1003A9113 /* Build configuration list for PBXProject "sampleLocalNotification" */ = {
			isa = XCConfigurationList;
			buildConfigurations = (
				B2B7B1DE20D8C9E3003A9113 /* Debug */,
				B2B7B1DF20D8C9E3003A9113 /* Release */,
			);
			defaultConfigurationIsVisible = 0;
			defaultConfigurationName = Release;
		};
		B2B7B1E020D8C9E3003A9113 /* Build configuration list for PBXNativeTarget "sampleLocalNotification" */ = {
			isa = XCConfigurationList;
			buildConfigurations = (
				B2B7B1E120D8C9E3003A9113 /* Debug */,
				B2B7B1E220D8C9E3003A9113 /* Release */,
			);
			defaultConfigurationIsVisible = 0;
			defaultConfigurationName = Release;
		};
/* End XCConfigurationList section */
	};
	rootObject = B2B7B1C620D8C9E1003A9113 /* Project object */;
}
